
Microsoft Visual Studio Solution File, Format Version 11.00
# Visual Studio 2010
Project("{8BC9CEB8-8B4A-11D0-8D11-00A0C91BC942}") = "eglSample_AMD", "eglSample.vcxproj", "{F80DA4C6-231A-4CA2-9F40-2D4F41D70B91}"
EndProject
Project("{8BC9CEB8-8B4A-11D0-8D11-00A0C91BC942}") = "HelloTriangleGLES2_AMD", "HelloTriangleGLES2.vcxproj", "{277D6AE0-E2B6-4FE1-9426-FA589E7DBF46}"
	ProjectSection(ProjectDependencies) = postProject
		{F3DB3713-328E-45F7-A143-64DDF0E4818E} = {F3DB3713-328E-45F7-A143-64DDF0E4818E}
	EndProjectSection
EndProject
Project("{8BC9CEB8-8B4A-11D0-8D11-00A0C91BC942}") = "Simple_Texture2D_AMD", "Simple_Texture2D_AMD.vcxproj", "{4C18F951-2A90-46BC-8C55-D81A31257DAF}"
	ProjectSection(ProjectDependencies) = postProject
		{F3DB3713-328E-45F7-A143-64DDF0E4818E} = {F3DB3713-328E-45F7-A143-64DDF0E4818E}
	EndProjectSection
EndProject
Project("{8BC9CEB8-8B4A-11D0-8D11-00A0C91BC942}") = "GLES2_Utils", "GLES2_Utils.vcxproj", "{F3DB3713-328E-45F7-A143-64DDF0E4818E}"
EndProject
Global
	GlobalSection(SolutionConfigurationPlatforms) = preSolution
		Debug|Win32 = Debug|Win32
		Release|Win32 = Release|Win32
	EndGlobalSection
	GlobalSection(ProjectConfigurationPlatforms) = postSolution
		{F80DA4C6-231A-4CA2-9F40-2D4F41D70B91}.Debug|Win32.ActiveCfg = Debug|Win32
		{F80DA4C6-231A-4CA2-9F40-2D4F41D70B91}.Debug|Win32.Build.0 = Debug|Win32
		{F80DA4C6-231A-4CA2-9F40-2D4F41D70B91}.Release|Win32.ActiveCfg = Release|Win32
		{F80DA4C6-231A-4CA2-9F40-2D4F41D70B91}.Release|Win32.Build.0 = Release|Win32
		{277D6AE0-E2B6-4FE1-9426-FA589E7DBF46}.Debug|Win32.ActiveCfg = Debug|Win32
		{277D6AE0-E2B6-4FE1-9426-FA589E7DBF46}.Debug|Win32.Build.0 = Debug|Win32
		{277D6AE0-E2B6-4FE1-9426-FA589E7DBF46}.Release|Win32.ActiveCfg = Release|Win32
		{277D6AE0-E2B6-4FE1-9426-FA589E7DBF46}.Release|Win32.Build.0 = Release|Win32
		{4C18F951-2A90-46BC-8C55-D81A31257DAF}.Debug|Win32.ActiveCfg = Debug|Win32
		{4C18F951-2A90-46BC-8C55-D81A31257DAF}.Debug|Win32.Build.0 = Debug|Win32
		{4C18F951-2A90-46BC-8C55-D81A31257DAF}.Release|Win32.ActiveCfg = Release|Win32
		{4C18F951-2A90-46BC-8C55-D81A31257DAF}.Release|Win32.Build.0 = Release|Win32
		{F3DB3713-328E-45F7-A143-64DDF0E4818E}.Debug|Win32.ActiveCfg = Debug|Win32
		{F3DB3713-328E-45F7-A143-64DDF0E4818E}.Debug|Win32.Build.0 = Debug|Win32
		{F3DB3713-328E-45F7-A143-64DDF0E4818E}.Release|Win32.ActiveCfg = Release|Win32
		{F3DB3713-328E-45F7-A143-64DDF0E4818E}.Release|Win32.Build.0 = Release|Win32
	EndGlobalSection
	GlobalSection(SolutionProperties) = preSolution
		HideSolutionNode = FALSE
	EndGlobalSection
EndGlobal
